%{
  "amqp": {:hex, :amqp, "3.3.2", "6cad7469957b29c517a26a27474828f1db28278a13bcc2e7970db9854a3d3080", [:mix], [{:amqp_client, "~> 3.9", [hex: :amqp_client, repo: "hexpm", optional: false]}], "hexpm", "f977c41d81b65a21234a9158e6491b2296f8bd5bda48d5b611a64b6e0d2c3f31"},
  "amqp_client": {:hex, :amqp_client, "3.12.14", "2b677bc3f2e2234ba7517042b25d72071a79735042e91f9116bd3c176854b622", [:make, :rebar3], [{:credentials_obfuscation, "3.4.0", [hex: :credentials_obfuscation, repo: "hexpm", optional: false]}, {:rabbit_common, "3.12.14", [hex: :rabbit_common, repo: "hexpm", optional: false]}], "hexpm", "5f70b6c3b1a739790080da4fddc94a867e99f033c4b1edc20d6ff8b8fb4bd160"},
  "bunt": {:hex, :bunt, "1.0.0", "081c2c665f086849e6d57900292b3a161727ab40431219529f13c4ddcf3e7a44", [:mix], [], "hexpm", "dc5f86aa08a5f6fa6b8096f0735c4e76d54ae5c9fa2c143e5a1fc7c1cd9bb6b5"},
  "credentials_obfuscation": {:hex, :credentials_obfuscation, "3.4.0", "34e18b126b3aefd6e8143776fbe1ceceea6792307c99ac5ee8687911f048cfd7", [:rebar3], [], "hexpm", "738ace0ed5545d2710d3f7383906fc6f6b582d019036e5269c4dbd85dbced566"},
  "credo": {:hex, :credo, "1.7.16", "a9f1389d13d19c631cb123c77a813dbf16449a2aebf602f590defa08953309d4", [:mix], [{:bunt, "~> 0.2.1 or ~> 1.0", [hex: :bunt, repo: "hexpm", optional: false]}, {:file_system, "~> 0.2 or ~> 1.0", [hex: :file_system, repo: "hexpm", optional: false]}, {:jason, "~> 1.0", [hex: :jason, repo: "hexpm", optional: false]}], "hexpm", "d0562af33756b21f248f066a9119e3890722031b6d199f22e3cf95550e4f1579"},
  "current_rabbit_pool": {:hex, :current_rabbit_pool, "1.1.1", "3a9594f62fdeef845ebd75833659dd821174b51bd013a53c269bf43e67ba8df6", [:mix], [{:amqp, "~> 3.1", [hex: :amqp, repo: "hexpm", optional: false]}, {:poolboy, "~> 1.5", [hex: :poolboy, repo: "hexpm", optional: false]}], "hexpm", "69791022a2e818e55a6535ddea623b1240d44c9640ac5ddc99e07262ee711b2b"},
  "delta_crdt": {:hex, :delta_crdt, "0.6.5", "c7bb8c2c7e60f59e46557ab4e0224f67ba22f04c02826e273738f3dcc4767adc", [:mix], [{:merkle_map, "~> 0.2.0", [hex: :merkle_map, repo: "hexpm", optional: false]}, {:telemetry, "~> 0.4 or ~> 1.0", [hex: :telemetry, repo: "hexpm", optional: false]}], "hexpm", "c6ae23a525d30f96494186dd11bf19ed9ae21d9fe2c1f1b217d492a7cc7294ae"},
  "dialyxir": {:hex, :dialyxir, "1.4.7", "dda948fcee52962e4b6c5b4b16b2d8fa7d50d8645bbae8b8685c3f9ecb7f5f4d", [:mix], [{:erlex, ">= 0.2.8", [hex: :erlex, repo: "hexpm", optional: false]}], "hexpm", "b34527202e6eb8cee198efec110996c25c5898f43a4094df157f8d28f27d9efe"},
  "earmark_parser": {:hex, :earmark_parser, "1.4.44", "f20830dd6b5c77afe2b063777ddbbff09f9759396500cdbe7523efd58d7a339c", [:mix], [], "hexpm", "4778ac752b4701a5599215f7030989c989ffdc4f6df457c5f36938cc2d2a2750"},
  "elixir_uuid": {:hex, :elixir_uuid, "1.2.1", "dce506597acb7e6b0daeaff52ff6a9043f5919a4c3315abb4143f0b00378c097", [:mix], [], "hexpm", "f7eba2ea6c3555cea09706492716b0d87397b88946e6380898c2889d68585752"},
  "erlex": {:hex, :erlex, "0.2.8", "cd8116f20f3c0afe376d1e8d1f0ae2452337729f68be016ea544a72f767d9c12", [:mix], [], "hexpm", "9d66ff9fedf69e49dc3fd12831e12a8a37b76f8651dd21cd45fcf5561a8a7590"},
  "ex_check": {:hex, :ex_check, "0.16.0", "07615bef493c5b8d12d5119de3914274277299c6483989e52b0f6b8358a26b5f", [:mix], [], "hexpm", "4d809b72a18d405514dda4809257d8e665ae7cf37a7aee3be6b74a34dec310f5"},
  "ex_doc": {:hex, :ex_doc, "0.40.1", "67542e4b6dde74811cfd580e2c0149b78010fd13001fda7cfeb2b2c2ffb1344d", [:mix], [{:earmark_parser, "~> 1.4.44", [hex: :earmark_parser, repo: "hexpm", optional: false]}, {:makeup_c, ">= 0.1.0", [hex: :makeup_c, repo: "hexpm", optional: true]}, {:makeup_elixir, "~> 0.14 or ~> 1.0", [hex: :makeup_elixir, repo: "hexpm", optional: false]}, {:makeup_erlang, "~> 0.1 or ~> 1.0", [hex: :makeup_erlang, repo: "hexpm", optional: false]}, {:makeup_html, ">= 0.1.0", [hex: :makeup_html, repo: "hexpm", optional: true]}], "hexpm", "bcef0e2d360d93ac19f01a85d58f91752d930c0a30e2681145feea6bd3516e00"},
  "excoveralls": {:hex, :excoveralls, "0.18.5", "e229d0a65982613332ec30f07940038fe451a2e5b29bce2a5022165f0c9b157e", [:mix], [{:castore, "~> 1.0", [hex: :castore, repo: "hexpm", optional: true]}, {:jason, "~> 1.0", [hex: :jason, repo: "hexpm", optional: false]}], "hexpm", "523fe8a15603f86d64852aab2abe8ddbd78e68579c8525ae765facc5eae01562"},
  "file_system": {:hex, :file_system, "1.1.1", "31864f4685b0148f25bd3fbef2b1228457c0c89024ad67f7a81a3ffbc0bbad3a", [:mix], [], "hexpm", "7a15ff97dfe526aeefb090a7a9d3d03aa907e100e262a0f8f7746b78f8f87a5d"},
  "ham": {:hex, :ham, "0.3.2", "02ae195f49970ef667faf9d01bc454fb80909a83d6c775bcac724ca567aeb7b3", [:mix], [], "hexpm", "b71cc684c0e5a3d32b5f94b186770551509e93a9ae44ca1c1a313700f2f6a69a"},
  "hammox": {:hex, :hammox, "0.7.1", "826a01d3caa574eb6f4cd2b7b0815b16f95951527b1a30871c2ea80bbc00aaec", [:mix], [{:mox, "~> 1.0", [hex: :mox, repo: "hexpm", optional: false]}, {:ordinal, "~> 0.1", [hex: :ordinal, repo: "hexpm", optional: false]}, {:telemetry, "~> 1.0", [hex: :telemetry, repo: "hexpm", optional: false]}], "hexpm", "add4d7d341c1df7898a96358798e7a7e73587cb28fd4b7127abe55232ae3f6e8"},
  "horde": {:hex, :horde, "0.10.0", "31c6a633057c3ec4e73064d7b11ba409c9f3c518aa185377d76bee441b76ceb0", [:mix], [{:delta_crdt, "~> 0.6.2", [hex: :delta_crdt, repo: "hexpm", optional: false]}, {:libring, "~> 1.7", [hex: :libring, repo: "hexpm", optional: false]}, {:telemetry, "~> 0.4.0 or ~> 1.0", [hex: :telemetry, repo: "hexpm", optional: false]}, {:telemetry_poller, "~> 0.5.0 or ~> 1.0", [hex: :telemetry_poller, repo: "hexpm", optional: false]}], "hexpm", "0b51c435cb698cac9bf9c17391dce3ebb1376ae6154c81f077fc61db771b9432"},
  "jason": {:hex, :jason, "1.4.4", "b9226785a9aa77b6857ca22832cffa5d5011a667207eb2a0ad56adb5db443b8a", [:mix], [{:decimal, "~> 1.0 or ~> 2.0", [hex: :decimal, repo: "hexpm", optional: true]}], "hexpm", "c5eb0cab91f094599f94d55bc63409236a8ec69a21a67814529e8d5f6cc90b3b"},
  "libring": {:hex, :libring, "1.7.0", "4f245d2f1476cd7ed8f03740f6431acba815401e40299208c7f5c640e1883bda", [:mix], [], "hexpm", "070e3593cb572e04f2c8470dd0c119bc1817a7a0a7f88229f43cf0345268ec42"},
  "logfmt": {:hex, :logfmt, "3.3.3", "6521ee4a5c532088e15d487fab9f736c07bdd161d643560c73cd4b10685deb65", [:mix], [], "hexpm", "dbd51cd3fe37c3429b9bd687bad1f531a533505f4a641592129e7a47e24104d1"},
  "makeup": {:hex, :makeup, "1.2.1", "e90ac1c65589ef354378def3ba19d401e739ee7ee06fb47f94c687016e3713d1", [:mix], [{:nimble_parsec, "~> 1.4", [hex: :nimble_parsec, repo: "hexpm", optional: false]}], "hexpm", "d36484867b0bae0fea568d10131197a4c2e47056a6fbe84922bf6ba71c8d17ce"},
  "makeup_elixir": {:hex, :makeup_elixir, "1.0.1", "e928a4f984e795e41e3abd27bfc09f51db16ab8ba1aebdba2b3a575437efafc2", [:mix], [{:makeup, "~> 1.0", [hex: :makeup, repo: "hexpm", optional: false]}, {:nimble_parsec, "~> 1.2.3 or ~> 1.3", [hex: :nimble_parsec, repo: "hexpm", optional: false]}], "hexpm", "7284900d412a3e5cfd97fdaed4f5ed389b8f2b4cb49efc0eb3bd10e2febf9507"},
  "makeup_erlang": {:hex, :makeup_erlang, "1.0.3", "4252d5d4098da7415c390e847c814bad3764c94a814a0b4245176215615e1035", [:mix], [{:makeup, "~> 1.0", [hex: :makeup, repo: "hexpm", optional: false]}], "hexpm", "953297c02582a33411ac6208f2c6e55f0e870df7f80da724ed613f10e6706afd"},
  "merkle_map": {:hex, :merkle_map, "0.2.2", "f36ff730cca1f2658e317a3c73406f50bbf5ac8aff54cf837d7ca2069a6e251c", [:mix], [], "hexpm", "383107f0503f230ac9175e0631647c424efd027e89ea65ab5ea12eeb54257aaf"},
  "mimic": {:hex, :mimic, "2.3.0", "88b1d13c285e57df6ea57204317bb56e49e7329668006cdcb80a9aafc73a9616", [:mix], [{:ham, "~> 0.3", [hex: :ham, repo: "hexpm", optional: false]}], "hexpm", "52771f23689398c5d41c7d05e91c2c28e10df273b784f40ca8b02e35e46850d3"},
  "mix_audit": {:hex, :mix_audit, "2.1.5", "c0f77cee6b4ef9d97e37772359a187a166c7a1e0e08b50edf5bf6959dfe5a016", [:make, :mix], [{:jason, "~> 1.4", [hex: :jason, repo: "hexpm", optional: false]}, {:yaml_elixir, "~> 2.11", [hex: :yaml_elixir, repo: "hexpm", optional: false]}], "hexpm", "87f9298e21da32f697af535475860dc1d3617a010e0b418d2ec6142bc8b42d69"},
  "mox": {:hex, :mox, "1.2.0", "a2cd96b4b80a3883e3100a221e8adc1b98e4c3a332a8fc434c39526babafd5b3", [:mix], [{:nimble_ownership, "~> 1.0", [hex: :nimble_ownership, repo: "hexpm", optional: false]}], "hexpm", "c7b92b3cc69ee24a7eeeaf944cd7be22013c52fcb580c1f33f50845ec821089a"},
  "nimble_options": {:hex, :nimble_options, "1.1.1", "e3a492d54d85fc3fd7c5baf411d9d2852922f66e69476317787a7b2bb000a61b", [:mix], [], "hexpm", "821b2470ca9442c4b6984882fe9bb0389371b8ddec4d45a9504f00a66f650b44"},
  "nimble_ownership": {:hex, :nimble_ownership, "1.0.2", "fa8a6f2d8c592ad4d79b2ca617473c6aefd5869abfa02563a77682038bf916cf", [:mix], [], "hexpm", "098af64e1f6f8609c6672127cfe9e9590a5d3fcdd82bc17a377b8692fd81a879"},
  "nimble_parsec": {:hex, :nimble_parsec, "1.4.2", "8efba0122db06df95bfaa78f791344a89352ba04baedd3849593bfce4d0dc1c6", [:mix], [], "hexpm", "4b21398942dda052b403bbe1da991ccd03a053668d147d53fb8c4e0efe09c973"},
  "ordinal": {:hex, :ordinal, "0.2.0", "d3eda0cb04ee1f0ca0aae37bf2cf56c28adce345fe56a75659031b6068275191", [:mix], [], "hexpm", "defca8f10dee9f03a090ed929a595303252700a9a73096b6f2f8d88341690d65"},
  "poolboy": {:hex, :poolboy, "1.5.2", "392b007a1693a64540cead79830443abf5762f5d30cf50bc95cb2c1aaafa006b", [:rebar3], [], "hexpm", "dad79704ce5440f3d5a3681c8590b9dc25d1a561e8f5a9c995281012860901e3"},
  "pretty_log": {:hex, :pretty_log, "0.9.0", "f84aab76e20c551a624ddd4656f1e5f9ca2941625db07549e9cb6a84a346bd40", [:mix], [{:logfmt, "~> 3.3", [hex: :logfmt, repo: "hexpm", optional: false]}], "hexpm", "abf9605c50fdd9377a3ce02ea51696538f4f647b9bb63a8dac209427fc7badf4"},
  "rabbit_common": {:hex, :rabbit_common, "3.12.14", "466123ee7346a3cdac078c0c302bcd36da4523e8acd678c1b992f7b4df1f7914", [:make, :rebar3], [{:credentials_obfuscation, "3.4.0", [hex: :credentials_obfuscation, repo: "hexpm", optional: false]}, {:recon, "2.5.3", [hex: :recon, repo: "hexpm", optional: false]}, {:thoas, "1.0.0", [hex: :thoas, repo: "hexpm", optional: false]}], "hexpm", "70c31a51f7401cc0204ddef2745d98680c2e0df67e3b0c9e198916881fde3293"},
  "recon": {:hex, :recon, "2.5.3", "739107b9050ea683c30e96de050bc59248fd27ec147696f79a8797ff9fa17153", [:mix, :rebar3], [], "hexpm", "6c6683f46fd4a1dfd98404b9f78dcabc7fcd8826613a89dcb984727a8c3099d7"},
  "styler": {:hex, :styler, "1.0.0", "87daf4a8e421d7678da78f9532a632974de6b8060b80d7827abec3bca5140173", [:mix], [], "hexpm", "4ba5bc40c5eaebe2bb05ec0bb7b5a889d38c6ea6865c584dffd360b3a94ec625"},
  "telemetry": {:hex, :telemetry, "1.3.0", "fedebbae410d715cf8e7062c96a1ef32ec22e764197f70cda73d82778d61e7a2", [:rebar3], [], "hexpm", "7015fc8919dbe63764f4b4b87a95b7c0996bd539e0d499be6ec9d7f3875b79e6"},
  "telemetry_poller": {:hex, :telemetry_poller, "1.3.0", "d5c46420126b5ac2d72bc6580fb4f537d35e851cc0f8dbd571acf6d6e10f5ec7", [:rebar3], [{:telemetry, "~> 1.0", [hex: :telemetry, repo: "hexpm", optional: false]}], "hexpm", "51f18bed7128544a50f75897db9974436ea9bfba560420b646af27a9a9b35211"},
  "thoas": {:hex, :thoas, "1.0.0", "567c03902920827a18a89f05b79a37b5bf93553154b883e0131801600cf02ce0", [:rebar3], [], "hexpm", "fc763185b932ecb32a554fb735ee03c3b6b1b31366077a2427d2a97f3bd26735"},
  "typedstruct": {:hex, :typedstruct, "0.5.4", "d1d33d58460a74f413e9c26d55e66fd633abd8ac0fb12639add9a11a60a0462a", [:make, :mix], [], "hexpm", "ffaef36d5dbaebdbf4ed07f7fb2ebd1037b2c1f757db6fb8e7bcbbfabbe608d8"},
  "yamerl": {:hex, :yamerl, "0.10.0", "4ff81fee2f1f6a46f1700c0d880b24d193ddb74bd14ef42cb0bcf46e81ef2f8e", [:rebar3], [], "hexpm", "346adb2963f1051dc837a2364e4acf6eb7d80097c0f53cbdc3046ec8ec4b4e6e"},
  "yaml_elixir": {:hex, :yaml_elixir, "2.12.1", "d74f2d82294651b58dac849c45a82aaea639766797359baff834b64439f6b3f4", [:mix], [{:yamerl, "~> 0.10", [hex: :yamerl, repo: "hexpm", optional: false]}], "hexpm", "d9ac16563c737d55f9bfeed7627489156b91268a3a21cd55c54eb2e335207fed"},
}
